<?xml version="1.0" encoding="utf-8"?>
<Project ToolsVersion="4.0" xmlns="http://schemas.microsoft.com/developer/msbuild/2003">
  <ItemGroup>
    <Filter Include="Source Files">
      <UniqueIdentifier>{4FC737F1-C7A5-4376-A066-2A32D752A2FF}</UniqueIdentifier>
      <Extensions>cpp;c;cc;cxx;def;odl;idl;hpj;bat;asm;asmx</Extensions>
    </Filter>
    <Filter Include="Header Files">
      <UniqueIdentifier>{93995380-89BD-4b04-88EB-625FBE52EBFB}</UniqueIdentifier>
      <Extensions>h;hh;hpp;hxx;hm;inl;inc;ipp;xsd</Extensions>
    </Filter>
    <Filter Include="Header Files\Scenes">
      <UniqueIdentifier>{252de02d-6b89-41ec-b372-ddfef9870bbe}</UniqueIdentifier>
    </Filter>
    <Filter Include="Source Files\Scenes">
      <UniqueIdentifier>{e8c82a08-d757-47ee-b6fe-eee59a99570f}</UniqueIdentifier>
    </Filter>
    <Filter Include="Source Files\Scenes_Graphics">
      <UniqueIdentifier>{242fc2f3-29cb-4d41-8fcd-e515e03eb02f}</UniqueIdentifier>
    </Filter>
    <Filter Include="Source Files\Scenes_Physics">
      <UniqueIdentifier>{859fc2fa-dbef-4129-80df-d98ba9eb420c}</UniqueIdentifier>
    </Filter>
    <Filter Include="Source Files\Scenes_Graphics\Scene1g">
      <UniqueIdentifier>{b000142c-2cc3-4e68-9579-53234b365fe0}</UniqueIdentifier>
    </Filter>
    <Filter Include="Source Files\Scenes_Graphics\Scene2g">
      <UniqueIdentifier>{4c8bb6b1-a49c-49e0-9ea4-caee0dd528c7}</UniqueIdentifier>
    </Filter>
    <Filter Include="Source Files\Scenes_Graphics\Scene3g">
      <UniqueIdentifier>{7e4c0879-8100-4065-b5cd-4943f4bdf8a9}</UniqueIdentifier>
    </Filter>
    <Filter Include="Source Files\Scenes_Graphics\Scene4g">
      <UniqueIdentifier>{f96aa488-2fe8-49e9-8d79-8bb7e630905a}</UniqueIdentifier>
    </Filter>
    <Filter Include="Source Files\Scenes_Physics\Scene1p">
      <UniqueIdentifier>{168f3d95-b2ce-4244-ba55-e5a4637831c3}</UniqueIdentifier>
    </Filter>
    <Filter Include="Source Files\Scenes_Physics\Scene2p">
      <UniqueIdentifier>{35a4716a-2cc9-4954-8849-6995237d757b}</UniqueIdentifier>
    </Filter>
    <Filter Include="Source Files\SceneManager">
      <UniqueIdentifier>{144daa34-f731-46d6-abb2-b29f2139a71e}</UniqueIdentifier>
    </Filter>
    <Filter Include="Source Files\Scenes_Graphics\Scene5g">
      <UniqueIdentifier>{c6c973f5-06b9-486d-83ce-6d8fe27fd1fd}</UniqueIdentifier>
    </Filter>
    <Filter Include="Source Files\Scenes_Graphics\SkyBox">
      <UniqueIdentifier>{50fd30d5-6ada-4570-8d95-211b0f99ff18}</UniqueIdentifier>
    </Filter>
    <Filter Include="Source Files\Scenes_Physics\Scene3p">
      <UniqueIdentifier>{9c886333-500c-48b0-b387-4a756f9ea52e}</UniqueIdentifier>
    </Filter>
    <Filter Include="Source Files\Shaders">
      <UniqueIdentifier>{104e0b7c-9a0f-4a7e-8e3f-65cff0fdbe90}</UniqueIdentifier>
    </Filter>
    <Filter Include="Source Files\Scenes_Graphics\Scene6g">
      <UniqueIdentifier>{317c9bfc-3e1b-4fe7-b4a0-719559c0b975}</UniqueIdentifier>
    </Filter>
    <Filter Include="Source Files\Scenes_Graphics\Scene7g">
      <UniqueIdentifier>{1a5996b5-562f-4e51-aa8a-c094d96953d5}</UniqueIdentifier>
    </Filter>
    <Filter Include="Source Files\Shaders\Scene3g">
      <UniqueIdentifier>{c94584ab-9a31-4614-aa1f-0e91659c5705}</UniqueIdentifier>
    </Filter>
    <Filter Include="Source Files\Shaders\Scene4g">
      <UniqueIdentifier>{2160f74a-c3a1-4a86-8037-a9ebade148d7}</UniqueIdentifier>
    </Filter>
    <Filter Include="Source Files\Scenes_Graphics\Scene8g">
      <UniqueIdentifier>{862cecd2-bd26-4e75-bbe3-f4709802a3d6}</UniqueIdentifier>
    </Filter>
    <Filter Include="Source Files\Shaders\Tesselation">
      <UniqueIdentifier>{36fadf7e-b7b7-4ff2-9869-5e267e1b497a}</UniqueIdentifier>
    </Filter>
    <Filter Include="Source Files\Shaders\Scene5g">
      <UniqueIdentifier>{b67333fb-8538-4bba-8edf-b5fced8e5b3f}</UniqueIdentifier>
    </Filter>
    <Filter Include="Source Files\Shaders\Scene8g">
      <UniqueIdentifier>{ab6d8b0c-9365-491d-8b22-3fcbe1903517}</UniqueIdentifier>
    </Filter>
    <Filter Include="Source Files\Shaders\Scene6g &amp;&amp; Scene7g">
      <UniqueIdentifier>{e19e50e9-ee38-41cc-9b4d-52759000f351}</UniqueIdentifier>
    </Filter>
    <Filter Include="Source Files\Shaders\default">
      <UniqueIdentifier>{e617e564-e6a2-4323-a97d-d9c75302fab9}</UniqueIdentifier>
    </Filter>
    <Filter Include="Source Files\Shaders\defaultPhong">
      <UniqueIdentifier>{05d94562-69a6-41e6-8171-8f708be29b64}</UniqueIdentifier>
    </Filter>
    <Filter Include="Source Files\Shaders\defaultPhongTexture">
      <UniqueIdentifier>{7af50179-ac6a-49fb-a596-fd12d18ffbaf}</UniqueIdentifier>
    </Filter>
    <Filter Include="Source Files\Resource Files">
      <UniqueIdentifier>{67DA6AB6-F800-4c08-8B7A-83BB121AAD01}</UniqueIdentifier>
      <Extensions>rc;ico;cur;bmp;dlg;rc2;rct;bin;rgs;gif;jpg;jpeg;jpe;resx;tiff;tif;png;wav;mfcribbon-ms</Extensions>
    </Filter>
  </ItemGroup>
  <ItemGroup>
    <ClCompile Include="Main.cpp">
      <Filter>Source Files</Filter>
    </ClCompile>
    <ClCompile Include="Debug.cpp">
      <Filter>Source Files</Filter>
    </ClCompile>
    <ClCompile Include="Timer.cpp">
      <Filter>Source Files</Filter>
    </ClCompile>
    <ClCompile Include="Window.cpp">
      <Filter>Source Files</Filter>
    </ClCompile>
    <ClCompile Include="Scene0g.cpp">
      <Filter>Source Files\Scenes</Filter>
    </ClCompile>
    <ClCompile Include="Mesh.cpp">
      <Filter>Source Files</Filter>
    </ClCompile>
    <ClCompile Include="Shader.cpp">
      <Filter>Source Files</Filter>
    </ClCompile>
    <ClCompile Include="Body.cpp">
      <Filter>Source Files</Filter>
    </ClCompile>
    <ClCompile Include="Scene0p.cpp">
      <Filter>Source Files\Scenes</Filter>
    </ClCompile>
    <ClCompile Include="Scene1g.cpp">
      <Filter>Source Files\Scenes_Graphics\Scene1g</Filter>
    </ClCompile>
    <ClCompile Include="Scene3g.cpp">
      <Filter>Source Files\Scenes_Graphics\Scene3g</Filter>
    </ClCompile>
    <ClCompile Include="Scene2g.cpp">
      <Filter>Source Files\Scenes_Graphics\Scene2g</Filter>
    </ClCompile>
    <ClCompile Include="Scene4g.cpp">
      <Filter>Source Files\Scenes_Graphics\Scene4g</Filter>
    </ClCompile>
    <ClCompile Include="Trackball.cpp">
      <Filter>Source Files</Filter>
    </ClCompile>
    <ClCompile Include="Scene1p.cpp">
      <Filter>Source Files\Scenes_Physics\Scene1p</Filter>
    </ClCompile>
    <ClCompile Include="Scene2p.cpp">
      <Filter>Source Files\Scenes_Physics\Scene2p</Filter>
    </ClCompile>
    <ClCompile Include="SceneManager.cpp">
      <Filter>Source Files\SceneManager</Filter>
    </ClCompile>
    <ClCompile Include="Texture.cpp">
      <Filter>Source Files</Filter>
    </ClCompile>
    <ClCompile Include="Scene5g.cpp">
      <Filter>Source Files\Scenes_Graphics\Scene5g</Filter>
    </ClCompile>
    <ClCompile Include="SkyBox.cpp">
      <Filter>Source Files\Scenes_Graphics\SkyBox</Filter>
    </ClCompile>
    <ClCompile Include="Scene3p.cpp">
      <Filter>Source Files\Scenes_Physics\Scene3p</Filter>
    </ClCompile>
    <ClCompile Include="Camera.cpp">
      <Filter>Source Files</Filter>
    </ClCompile>
    <ClCompile Include="Scene6g.cpp">
      <Filter>Source Files\Scenes_Graphics\Scene6g</Filter>
    </ClCompile>
    <ClCompile Include="Scene7g.cpp">
      <Filter>Source Files\Scenes_Graphics\Scene7g</Filter>
    </ClCompile>
    <ClCompile Include="Scene8g.cpp">
      <Filter>Source Files\Scenes_Graphics\Scene8g</Filter>
    </ClCompile>
    <ClCompile Include="shaders\Noise.cpp">
      <Filter>Source Files</Filter>
    </ClCompile>
  </ItemGroup>
  <ItemGroup>
    <ClInclude Include="Debug.h">
      <Filter>Header Files</Filter>
    </ClInclude>
    <ClInclude Include="Timer.h">
      <Filter>Header Files</Filter>
    </ClInclude>
    <ClInclude Include="Window.h">
      <Filter>Header Files</Filter>
    </ClInclude>
    <ClInclude Include="Scene.h">
      <Filter>Header Files\Scenes</Filter>
    </ClInclude>
    <ClInclude Include="Scene0g.h">
      <Filter>Header Files\Scenes</Filter>
    </ClInclude>
    <ClInclude Include="Mesh.h">
      <Filter>Header Files</Filter>
    </ClInclude>
    <ClInclude Include="tiny_obj_loader.h">
      <Filter>Header Files</Filter>
    </ClInclude>
    <ClInclude Include="Shader.h">
      <Filter>Header Files</Filter>
    </ClInclude>
    <ClInclude Include="Body.h">
      <Filter>Header Files</Filter>
    </ClInclude>
    <ClInclude Include="Scene0p.h">
      <Filter>Header Files\Scenes</Filter>
    </ClInclude>
    <ClInclude Include="Scene1g.h">
      <Filter>Source Files\Scenes_Graphics\Scene1g</Filter>
    </ClInclude>
    <ClInclude Include="Scene3g.h">
      <Filter>Source Files\Scenes_Graphics\Scene3g</Filter>
    </ClInclude>
    <ClInclude Include="Scene2g.h">
      <Filter>Source Files\Scenes_Graphics\Scene2g</Filter>
    </ClInclude>
    <ClInclude Include="Scene4g.h">
      <Filter>Source Files\Scenes_Graphics\Scene4g</Filter>
    </ClInclude>
    <ClInclude Include="Trackball.h">
      <Filter>Header Files</Filter>
    </ClInclude>
    <ClInclude Include="Scene1p.h">
      <Filter>Source Files\Scenes_Physics\Scene1p</Filter>
    </ClInclude>
    <ClInclude Include="Scene2p.h">
      <Filter>Source Files\Scenes_Physics\Scene2p</Filter>
    </ClInclude>
    <ClInclude Include="Texture.h">
      <Filter>Header Files</Filter>
    </ClInclude>
    <ClInclude Include="Scene5g.h">
      <Filter>Source Files\Scenes_Graphics\Scene5g</Filter>
    </ClInclude>
    <ClInclude Include="SkyBox.h">
      <Filter>Source Files\Scenes_Graphics\SkyBox</Filter>
    </ClInclude>
    <ClInclude Include="Scene3p.h">
      <Filter>Source Files\Scenes_Physics\Scene3p</Filter>
    </ClInclude>
    <ClInclude Include="SceneManager.h">
      <Filter>Source Files\SceneManager</Filter>
    </ClInclude>
    <ClInclude Include="Camera.h">
      <Filter>Header Files</Filter>
    </ClInclude>
    <ClInclude Include="Scene6g.h">
      <Filter>Source Files\Scenes_Graphics\Scene6g</Filter>
    </ClInclude>
    <ClInclude Include="Scene7g.h">
      <Filter>Source Files\Scenes_Graphics\Scene7g</Filter>
    </ClInclude>
    <ClInclude Include="Scene8g.h">
      <Filter>Source Files\Scenes_Graphics\Scene8g</Filter>
    </ClInclude>
    <ClInclude Include="shaders\Noise.h">
      <Filter>Header Files</Filter>
    </ClInclude>
  </ItemGroup>
  <ItemGroup>
    <Text Include="GameEngineLog.txt">
      <Filter>Source Files\Resource Files</Filter>
    </Text>
  </ItemGroup>
  <ItemGroup>
    <None Include="shaders\phongVert.glsl">
      <Filter>Source Files\Resource Files</Filter>
    </None>
    <None Include="shaders\phongFrag - Copy - Copy.glsl">
      <Filter>Source Files\Shaders</Filter>
    </None>
    <None Include="shaders\phongVert - Copy - Copy.glsl">
      <Filter>Source Files\Shaders</Filter>
    </None>
    <None Include="shaders\SkyBox\SkyBoxFrag.glsl" />
    <None Include="shaders\SkyBox\SkyBoxVert.glsl" />
    <None Include="shaders\Scene5g\fresnalFrag5g.glsl" />
    <None Include="shaders\Scene5g\fresnalVert5g.glsl" />
    <None Include="shaders\Scene3g\phongFrag3g.glsl">
      <Filter>Source Files\Shaders\Scene3g</Filter>
    </None>
    <None Include="shaders\Scene3g\phongVert3g.glsl">
      <Filter>Source Files\Shaders\Scene3g</Filter>
    </None>
    <None Include="shaders\Scene4g\phongVert4g.glsl">
      <Filter>Source Files\Shaders\Scene4g</Filter>
    </None>
    <None Include="shaders\Scene4g\phongFrag4g.glsl">
      <Filter>Source Files\Shaders\Scene4g</Filter>
    </None>
    <None Include="shaders\tess\tessVert.glsl">
      <Filter>Source Files\Shaders\Tesselation</Filter>
    </None>
    <None Include="shaders\tess\tessControl.glsl">
      <Filter>Source Files\Shaders\Tesselation</Filter>
    </None>
    <None Include="shaders\tess\tessEval.glsl">
      <Filter>Source Files\Shaders\Tesselation</Filter>
    </None>
    <None Include="shaders\tess\tessFrag.glsl">
      <Filter>Source Files\Shaders\Tesselation</Filter>
    </None>
    <None Include="shaders\Scene5g\phongVert5g.glsl">
      <Filter>Source Files\Shaders\Scene5g</Filter>
    </None>
    <None Include="shaders\Scene5g\phongFrag5g.glsl">
      <Filter>Source Files\Shaders\Scene5g</Filter>
    </None>
    <None Include="shaders\Scene6g\fresnalVert6g.glsl">
      <Filter>Source Files\Shaders\Scene6g &amp;&amp; Scene7g</Filter>
    </None>
    <None Include="shaders\Scene6g\fresnalFrag6g.glsl">
      <Filter>Source Files\Shaders\Scene6g &amp;&amp; Scene7g</Filter>
    </None>
    <None Include="shaders\default\defaultFrag.glsl">
      <Filter>Source Files\Shaders\default</Filter>
    </None>
    <None Include="shaders\default\defaultVert.glsl">
      <Filter>Source Files\Shaders\default</Filter>
    </None>
    <None Include="shaders\phong\phongVert.glsl">
      <Filter>Source Files\Shaders\defaultPhong</Filter>
    </None>
    <None Include="shaders\phong\phongFrag.glsl">
      <Filter>Source Files\Shaders\defaultPhong</Filter>
    </None>
    <None Include="shaders\tex\texturePhongVert.glsl">
      <Filter>Source Files\Shaders\defaultPhongTexture</Filter>
    </None>
    <None Include="shaders\tex\texturePhongFrag.glsl">
      <Filter>Source Files\Shaders\defaultPhongTexture</Filter>
    </None>
    <None Include="shaders\fresnal\fresnalFrag_V1.glsl" />
    <None Include="shaders\fresnal\fresnalVert_V1.glsl" />
    <None Include="shaders\defaultPhong\phongFrag.glsl" />
    <None Include="shaders\defaultPhong\phongVert.glsl" />
  </ItemGroup>
  <ItemGroup>
    <Image Include="textures\CN_Tower\cn_negx.jpg">
      <Filter>Source Files\Resource Files</Filter>
    </Image>
    <Image Include="textures\CN_Tower\cn_negy.jpg">
      <Filter>Source Files\Resource Files</Filter>
    </Image>
    <Image Include="textures\CN_Tower\cn_negz.jpg">
      <Filter>Source Files\Resource Files</Filter>
    </Image>
  </ItemGroup>
</Project>